
Microsoft Visual Studio Solution File, Format Version 12.00
# Visual Studio Version 16
VisualStudioVersion = 16.0.29001.49
MinimumVisualStudioVersion = 10.0.40219.1
Project("{FAE04EC0-301F-11D3-BF4B-00C04F79EFBC}") = "SpinAndWin", "SpinAndWin.csproj", "{A9E5372C-8EF4-408A-A2F4-3EC99F32F120}"
EndProject
Global
	GlobalSection(SolutionConfigurationPlatforms) = preSolution
		Debug|Any CPU = Debug|Any CPU
		Release|Any CPU = Release|Any CPU
	EndGlobalSection
	GlobalSection(ProjectConfigurationPlatforms) = postSolution
		{A9E5372C-8EF4-408A-A2F4-3EC99F32F120}.Debug|Any CPU.ActiveCfg = Debug|Any CPU
		{A9E5372C-8EF4-408A-A2F4-3EC99F32F120}.Debug|Any CPU.Build.0 = Debug|Any CPU
		{A9E5372C-8EF4-408A-A2F4-3EC99F32F120}.Release|Any CPU.ActiveCfg = Release|Any CPU
		{A9E5372C-8EF4-408A-A2F4-3EC99F32F120}.Release|Any CPU.Build.0 = Release|Any CPU
	EndGlobalSection
	GlobalSection(SolutionProperties) = preSolution
		HideSolutionNode = FALSE
	EndGlobalSection
	GlobalSection(ExtensibilityGlobals) = postSolution
		SolutionGuid = {426E5B12-13D8-457E-BFD0-38386CE62BA3}
	EndGlobalSection
EndGlobal
